
Microsoft Visual Studio Solution File, Format Version 12.00
# Visual Studio Version 16
VisualStudioVersion = 16.0.29230.47
MinimumVisualStudioVersion = 10.0.40219.1
Project("{FAE04EC0-301F-11D3-BF4B-00C04F79EFBC}") = "ConsoleApp3", "ConsoleApp3.csproj", "{1D3A6D5C-3BFE-4D4E-80C8-FD1833440539}"
EndProject
Global
	GlobalSection(SolutionConfigurationPlatforms) = preSolution
		Debug|Any CPU = Debug|Any CPU
		Release|Any CPU = Release|Any CPU
	EndGlobalSection
	GlobalSection(ProjectConfigurationPlatforms) = postSolution
		{1D3A6D5C-3BFE-4D4E-80C8-FD1833440539}.Debug|Any CPU.ActiveCfg = Debug|Any CPU
		{1D3A6D5C-3BFE-4D4E-80C8-FD1833440539}.Debug|Any CPU.Build.0 = Debug|Any CPU
		{1D3A6D5C-3BFE-4D4E-80C8-FD1833440539}.Release|Any CPU.ActiveCfg = Release|Any CPU
		{1D3A6D5C-3BFE-4D4E-80C8-FD1833440539}.Release|Any CPU.Build.0 = Release|Any CPU
	EndGlobalSection
	GlobalSection(SolutionProperties) = preSolution
		HideSolutionNode = FALSE
	EndGlobalSection
	GlobalSection(ExtensibilityGlobals) = postSolution
		SolutionGuid = {E902E1B1-69C4-4B78-89AC-029860FFD7F3}
	EndGlobalSection
EndGlobal
